<?xml version="1.0" encoding="utf-8"?>
<Project ToolsVersion="4.0" xmlns="http://schemas.microsoft.com/developer/msbuild/2003">
  <ItemGroup>
    <Filter Include="Source Files">
      <UniqueIdentifier>{4FC737F1-C7A5-4376-A066-2A32D752A2FF}</UniqueIdentifier>
      <Extensions>cpp;c;cc;cxx;def;odl;idl;hpj;bat;asm;asmx</Extensions>
    </Filter>
    <Filter Include="Header Files">
      <UniqueIdentifier>{93995380-89BD-4b04-88EB-625FBE52EBFB}</UniqueIdentifier>
      <Extensions>h;hh;hpp;hxx;hm;inl;inc;xsd</Extensions>
    </Filter>
    <Filter Include="Resource Files">
      <UniqueIdentifier>{67DA6AB6-F800-4c08-8B7A-83BB121AAD01}</UniqueIdentifier>
      <Extensions>rc;ico;cur;bmp;dlg;rc2;rct;bin;rgs;gif;jpg;jpeg;jpe;resx;tiff;tif;png;wav;mfcribbon-ms</Extensions>
    </Filter>
    <Filter Include="src">
      <UniqueIdentifier>{8d5fa837-51fd-4fc1-839d-97849e92c345}</UniqueIdentifier>
    </Filter>
    <Filter Include="src\function">
      <UniqueIdentifier>{8f57b9c1-ae32-4825-8989-d5e787a2e86b}</UniqueIdentifier>
    </Filter>
    <Filter Include="src\function\aimbot">
      <UniqueIdentifier>{365040bb-edfd-4e36-a6da-dfc137e72302}</UniqueIdentifier>
    </Filter>
    <Filter Include="src\lib">
      <UniqueIdentifier>{1bc33c97-aa3b-4bd5-a47a-54ae9dda0e0c}</UniqueIdentifier>
    </Filter>
    <Filter Include="src\lib\drawing">
      <UniqueIdentifier>{55364895-4268-47c5-8224-7119baf5e315}</UniqueIdentifier>
    </Filter>
    <Filter Include="src\lib\imgui">
      <UniqueIdentifier>{0b7eb582-e1d4-4ffa-aee7-252c1c3b1e47}</UniqueIdentifier>
    </Filter>
    <Filter Include="src\lib\xinput_wrapper">
      <UniqueIdentifier>{fa2f929b-8db0-4e8a-a4ad-2b57aa54506a}</UniqueIdentifier>
    </Filter>
    <Filter Include="src\d3d">
      <UniqueIdentifier>{de7877d2-38e5-450e-b040-046a31a0260b}</UniqueIdentifier>
    </Filter>
  </ItemGroup>
  <ItemGroup>
    <Text Include="ReadMe.txt" />
  </ItemGroup>
  <ItemGroup>
    <ClInclude Include="stdafx.h">
      <Filter>Header Files</Filter>
    </ClInclude>
    <ClInclude Include="targetver.h">
      <Filter>Header Files</Filter>
    </ClInclude>
    <ClInclude Include="resource.h">
      <Filter>Header Files</Filter>
    </ClInclude>
    <ClInclude Include="Memory.h">
      <Filter>Header Files</Filter>
    </ClInclude>
    <ClInclude Include="logConsole.h">
      <Filter>Header Files</Filter>
    </ClInclude>
    <ClInclude Include="d3dMenu.h">
      <Filter>Header Files</Filter>
    </ClInclude>
    <ClInclude Include="HackFunction.h">
      <Filter>Header Files</Filter>
    </ClInclude>
    <ClInclude Include="Lib\drawing\colors.h">
      <Filter>src\lib\drawing</Filter>
    </ClInclude>
    <ClInclude Include="Lib\drawing\draw.h">
      <Filter>src\lib\drawing</Filter>
    </ClInclude>
    <ClInclude Include="Lib\imgui\imgui_impl_dx9.h">
      <Filter>src\lib\imgui</Filter>
    </ClInclude>
    <ClInclude Include="Lib\imgui\imgui_internal.h">
      <Filter>src\lib\imgui</Filter>
    </ClInclude>
    <ClInclude Include="Lib\imgui\stb_rect_pack.h">
      <Filter>src\lib\imgui</Filter>
    </ClInclude>
    <ClInclude Include="Lib\imgui\stb_textedit.h">
      <Filter>src\lib\imgui</Filter>
    </ClInclude>
    <ClInclude Include="Lib\imgui\stb_truetype.h">
      <Filter>src\lib\imgui</Filter>
    </ClInclude>
    <ClInclude Include="Lib\imgui\imconfig.h">
      <Filter>src\lib\imgui</Filter>
    </ClInclude>
    <ClInclude Include="Lib\imgui\imgui.h">
      <Filter>src\lib\imgui</Filter>
    </ClInclude>
    <ClInclude Include="aimbot.h">
      <Filter>src\function\aimbot</Filter>
    </ClInclude>
    <ClInclude Include="XInputModuleManager.h">
      <Filter>src\lib\xinput_wrapper</Filter>
    </ClInclude>
    <ClInclude Include="xinput.h">
      <Filter>src\lib\xinput_wrapper</Filter>
    </ClInclude>
    <ClInclude Include="hook_function.h">
      <Filter>src\d3d</Filter>
    </ClInclude>
  </ItemGroup>
  <ItemGroup>
    <ClCompile Include="stdafx.cpp">
      <Filter>Source Files</Filter>
    </ClCompile>
    <ClCompile Include="Memory.cpp">
      <Filter>Source Files</Filter>
    </ClCompile>
    <ClCompile Include="logConsole.cpp">
      <Filter>Source Files</Filter>
    </ClCompile>
    <ClCompile Include="d3dMenu.cpp">
      <Filter>Source Files</Filter>
    </ClCompile>
    <ClCompile Include="HackFunction.cpp">
      <Filter>Source Files</Filter>
    </ClCompile>
    <ClCompile Include="Lib\drawing\draw.cpp">
      <Filter>src\lib\drawing</Filter>
    </ClCompile>
    <ClCompile Include="Lib\imgui\imgui_draw.cpp">
      <Filter>src\lib\imgui</Filter>
    </ClCompile>
    <ClCompile Include="Lib\imgui\imgui_impl_dx9.cpp">
      <Filter>src\lib\imgui</Filter>
    </ClCompile>
    <ClCompile Include="Lib\imgui\imgui.cpp">
      <Filter>src\lib\imgui</Filter>
    </ClCompile>
    <ClCompile Include="Lib\imgui\imgui_demo.cpp">
      <Filter>src\lib\imgui</Filter>
    </ClCompile>
    <ClCompile Include="aimbot.cpp">
      <Filter>src\function\aimbot</Filter>
    </ClCompile>
    <ClCompile Include="dllmain.cpp" />
    <ClCompile Include="xinput.cpp">
      <Filter>src\lib\xinput_wrapper</Filter>
    </ClCompile>
    <ClCompile Include="hook_function.cpp">
      <Filter>src\d3d</Filter>
    </ClCompile>
  </ItemGroup>
  <ItemGroup>
    <ResourceCompile Include="Resource.rc">
      <Filter>Resource Files</Filter>
    </ResourceCompile>
  </ItemGroup>
  <ItemGroup>
    <None Include="xinput.def">
      <Filter>src\lib\xinput_wrapper</Filter>
    </None>
  </ItemGroup>
</Project>